
Microsoft Visual Studio Solution File, Format Version 12.00
# Visual Studio Version 16
VisualStudioVersion = 16.0.30709.132
MinimumVisualStudioVersion = 10.0.40219.1
Project("{2150E333-8FDC-42A3-9474-1A3956D46DE8}") = "DataStructures", "DataStructures", "{C2F78093-E682-42D9-A645-33726356FBDE}"
EndProject
Project("{9A19103F-16F7-4668-BE54-9A1E7A4F7556}") = "Cornucopia.DataStructures", "Cornucopia.DataStructures\Cornucopia.DataStructures.csproj", "{D713B92E-56B3-46A1-93C1-7A496C857C53}"
EndProject
Project("{9A19103F-16F7-4668-BE54-9A1E7A4F7556}") = "Cornucopia.DataStructures.Tests", "Cornucopia.DataStructures.Tests\Cornucopia.DataStructures.Tests.csproj", "{FD049222-5917-4B84-87DA-E57D6FC41A75}"
EndProject
Project("{9A19103F-16F7-4668-BE54-9A1E7A4F7556}") = "Cornucopia.BitOperations", "Cornucopia.BitOperations\Cornucopia.BitOperations.csproj", "{11834771-C307-44E5-8E7A-6F703D29B6BF}"
EndProject
Project("{9A19103F-16F7-4668-BE54-9A1E7A4F7556}") = "Cornucopia.BitOperations.Tests", "Cornucopia.BitOperations.Tests\Cornucopia.BitOperations.Tests.csproj", "{79F26457-FECB-4D18-A5AA-DF1D79D8C767}"
EndProject
Project("{2150E333-8FDC-42A3-9474-1A3956D46DE8}") = "Shims", "Shims", "{65809F83-98E0-4ECE-B697-2A86E4DF2D6C}"
EndProject
Project("{2150E333-8FDC-42A3-9474-1A3956D46DE8}") = "Solution Items", "Solution Items", "{8E3E4C60-18A8-4207-B55F-BCF07E4EE25F}"
	ProjectSection(SolutionItems) = preProject
		.editorconfig = .editorconfig
		Directory.Build.props = Directory.Build.props
	EndProjectSection
EndProject
Project("{2150E333-8FDC-42A3-9474-1A3956D46DE8}") = "Tools", "Tools", "{FDB5AD44-1DB2-4A22-9260-44887F6CD409}"
EndProject
Project("{FAE04EC0-301F-11D3-BF4B-00C04F79EFBC}") = "JetBrains.Annotations.Extractor", "JetBrains.Annotations.Extractor\JetBrains.Annotations.Extractor.csproj", "{0E9438E2-ADED-409B-A46E-60969F1582C9}"
EndProject
Global
	GlobalSection(SolutionConfigurationPlatforms) = preSolution
		Debug|Any CPU = Debug|Any CPU
		Release|Any CPU = Release|Any CPU
	EndGlobalSection
	GlobalSection(ProjectConfigurationPlatforms) = postSolution
		{D713B92E-56B3-46A1-93C1-7A496C857C53}.Debug|Any CPU.ActiveCfg = Debug|Any CPU
		{D713B92E-56B3-46A1-93C1-7A496C857C53}.Debug|Any CPU.Build.0 = Debug|Any CPU
		{D713B92E-56B3-46A1-93C1-7A496C857C53}.Release|Any CPU.ActiveCfg = Release|Any CPU
		{D713B92E-56B3-46A1-93C1-7A496C857C53}.Release|Any CPU.Build.0 = Release|Any CPU
		{FD049222-5917-4B84-87DA-E57D6FC41A75}.Debug|Any CPU.ActiveCfg = Debug|Any CPU
		{FD049222-5917-4B84-87DA-E57D6FC41A75}.Debug|Any CPU.Build.0 = Debug|Any CPU
		{FD049222-5917-4B84-87DA-E57D6FC41A75}.Release|Any CPU.ActiveCfg = Release|Any CPU
		{FD049222-5917-4B84-87DA-E57D6FC41A75}.Release|Any CPU.Build.0 = Release|Any CPU
		{11834771-C307-44E5-8E7A-6F703D29B6BF}.Debug|Any CPU.ActiveCfg = Debug|Any CPU
		{11834771-C307-44E5-8E7A-6F703D29B6BF}.Debug|Any CPU.Build.0 = Debug|Any CPU
		{11834771-C307-44E5-8E7A-6F703D29B6BF}.Release|Any CPU.ActiveCfg = Release|Any CPU
		{11834771-C307-44E5-8E7A-6F703D29B6BF}.Release|Any CPU.Build.0 = Release|Any CPU
		{79F26457-FECB-4D18-A5AA-DF1D79D8C767}.Debug|Any CPU.ActiveCfg = Debug|Any CPU
		{79F26457-FECB-4D18-A5AA-DF1D79D8C767}.Debug|Any CPU.Build.0 = Debug|Any CPU
		{79F26457-FECB-4D18-A5AA-DF1D79D8C767}.Release|Any CPU.ActiveCfg = Release|Any CPU
		{79F26457-FECB-4D18-A5AA-DF1D79D8C767}.Release|Any CPU.Build.0 = Release|Any CPU
		{0E9438E2-ADED-409B-A46E-60969F1582C9}.Debug|Any CPU.ActiveCfg = Debug|Any CPU
		{0E9438E2-ADED-409B-A46E-60969F1582C9}.Debug|Any CPU.Build.0 = Debug|Any CPU
		{0E9438E2-ADED-409B-A46E-60969F1582C9}.Release|Any CPU.ActiveCfg = Release|Any CPU
		{0E9438E2-ADED-409B-A46E-60969F1582C9}.Release|Any CPU.Build.0 = Release|Any CPU
	EndGlobalSection
	GlobalSection(SolutionProperties) = preSolution
		HideSolutionNode = FALSE
	EndGlobalSection
	GlobalSection(NestedProjects) = preSolution
		{D713B92E-56B3-46A1-93C1-7A496C857C53} = {C2F78093-E682-42D9-A645-33726356FBDE}
		{FD049222-5917-4B84-87DA-E57D6FC41A75} = {C2F78093-E682-42D9-A645-33726356FBDE}
		{11834771-C307-44E5-8E7A-6F703D29B6BF} = {65809F83-98E0-4ECE-B697-2A86E4DF2D6C}
		{79F26457-FECB-4D18-A5AA-DF1D79D8C767} = {65809F83-98E0-4ECE-B697-2A86E4DF2D6C}
		{0E9438E2-ADED-409B-A46E-60969F1582C9} = {FDB5AD44-1DB2-4A22-9260-44887F6CD409}
	EndGlobalSection
	GlobalSection(ExtensibilityGlobals) = postSolution
		SolutionGuid = {99181DA4-46E9-4358-A48B-279DEE9022D7}
	EndGlobalSection
EndGlobal
